
Microsoft Visual Studio Solution File, Format Version 12.00
# Visual Studio Version 16
VisualStudioVersion = 16.0.30804.86
MinimumVisualStudioVersion = 10.0.40219.1
Project("{FAE04EC0-301F-11D3-BF4B-00C04F79EFBC}") = "QuantityCalculx", "QuantityCalculx.csproj", "{5524765F-D192-4435-87B6-45D65071D839}"
EndProject
Global
	GlobalSection(SolutionConfigurationPlatforms) = preSolution
		Debug|Any CPU = Debug|Any CPU
		Release|Any CPU = Release|Any CPU
	EndGlobalSection
	GlobalSection(ProjectConfigurationPlatforms) = postSolution
		{5524765F-D192-4435-87B6-45D65071D839}.Debug|Any CPU.ActiveCfg = Debug|Any CPU
		{5524765F-D192-4435-87B6-45D65071D839}.Debug|Any CPU.Build.0 = Debug|Any CPU
		{5524765F-D192-4435-87B6-45D65071D839}.Release|Any CPU.ActiveCfg = Release|Any CPU
		{5524765F-D192-4435-87B6-45D65071D839}.Release|Any CPU.Build.0 = Release|Any CPU
	EndGlobalSection
	GlobalSection(SolutionProperties) = preSolution
		HideSolutionNode = FALSE
	EndGlobalSection
	GlobalSection(ExtensibilityGlobals) = postSolution
		SolutionGuid = {5EE1BF60-CE9D-41D5-B662-8C3250E4B07D}
	EndGlobalSection
EndGlobal
